// !$*UTF8*$!
{
	archiveVersion = 1;
	classes = {
	};
	objectVersion = 50;
	objects = {

/* Begin PBXBuildFile section */
		182BE0A5269FDAC6009DBF14 /* AppDelegate.swift in Sources */ = {isa = PBXBuildFile; fileRef = 182BE0A4269FDAC6009DBF14 /* AppDelegate.swift */; };
		182BE0A7269FDAC6009DBF14 /* StudentLoginVC.swift in Sources */ = {isa = PBXBuildFile; fileRef = 182BE0A6269FDAC6009DBF14 /* StudentLoginVC.swift */; };
		182BE0AA269FDAC6009DBF14 /* Main.storyboard in Resources */ = {isa = PBXBuildFile; fileRef = 182BE0A8269FDAC6009DBF14 /* Main.storyboard */; };
		182BE0AD269FDAC6009DBF14 /* StudentManagementSystemCoreData.xcdatamodeld in Sources */ = {isa = PBXBuildFile; fileRef = 182BE0AB269FDAC6009DBF14 /* StudentManagementSystemCoreData.xcdatamodeld */; };
		182BE0AF269FDAC8009DBF14 /* Assets.xcassets in Resources */ = {isa = PBXBuildFile; fileRef = 182BE0AE269FDAC8009DBF14 /* Assets.xcassets */; };
		182BE0B2269FDAC8009DBF14 /* LaunchScreen.storyboard in Resources */ = {isa = PBXBuildFile; fileRef = 182BE0B0269FDAC8009DBF14 /* LaunchScreen.storyboard */; };
		182BE0BA269FDD3E009DBF14 /* AdminVC.swift in Sources */ = {isa = PBXBuildFile; fileRef = 182BE0B9269FDD3E009DBF14 /* AdminVC.swift */; };
		182BE0BC269FDD7B009DBF14 /* extension.swift in Sources */ = {isa = PBXBuildFile; fileRef = 182BE0BB269FDD7B009DBF14 /* extension.swift */; };
		182BE0BE269FDDE1009DBF14 /* CoreDataHandler.swift in Sources */ = {isa = PBXBuildFile; fileRef = 182BE0BD269FDDE1009DBF14 /* CoreDataHandler.swift */; };
		182BE0C0269FDE55009DBF14 /* CoreNoticeHandler.swift in Sources */ = {isa = PBXBuildFile; fileRef = 182BE0BF269FDE55009DBF14 /* CoreNoticeHandler.swift */; };
		182BE0C2269FDE9B009DBF14 /* NoticeBoardVC.swift in Sources */ = {isa = PBXBuildFile; fileRef = 182BE0C1269FDE9B009DBF14 /* NoticeBoardVC.swift */; };
		182BE0C4269FDECB009DBF14 /* StudentListVC.swift in Sources */ = {isa = PBXBuildFile; fileRef = 182BE0C3269FDECB009DBF14 /* StudentListVC.swift */; };
		182BE0C6269FDF53009DBF14 /* StudentVC.swift in Sources */ = {isa = PBXBuildFile; fileRef = 182BE0C5269FDF53009DBF14 /* StudentVC.swift */; };
/* End PBXBuildFile section */

/* Begin PBXFileReference section */
		182BE0A1269FDAC6009DBF14 /* StudentManagementSystemCoreData.app */ = {isa = PBXFileReference; explicitFileType = wrapper.application; includeInIndex = 0; path = StudentManagementSystemCoreData.app; sourceTree = BUILT_PRODUCTS_DIR; };
		182BE0A4269FDAC6009DBF14 /* AppDelegate.swift */ = {isa = PBXFileReference; lastKnownFileType = sourcecode.swift; path = AppDelegate.swift; sourceTree = "<group>"; };
		182BE0A6269FDAC6009DBF14 /* StudentLoginVC.swift */ = {isa = PBXFileReference; lastKnownFileType = sourcecode.swift; path = StudentLoginVC.swift; sourceTree = "<group>"; };
		182BE0A9269FDAC6009DBF14 /* Base */ = {isa = PBXFileReference; lastKnownFileType = file.storyboard; name = Base; path = Base.lproj/Main.storyboard; sourceTree = "<group>"; };
		182BE0AC269FDAC6009DBF14 /* StudentManagementSystemCoreData.xcdatamodel */ = {isa = PBXFileReference; lastKnownFileType = wrapper.xcdatamodel; path = StudentManagementSystemCoreData.xcdatamodel; sourceTree = "<group>"; };
		182BE0AE269FDAC8009DBF14 /* Assets.xcassets */ = {isa = PBXFileReference; lastKnownFileType = folder.assetcatalog; path = Assets.xcassets; sourceTree = "<group>"; };
		182BE0B1269FDAC8009DBF14 /* Base */ = {isa = PBXFileReference; lastKnownFileType = file.storyboard; name = Base; path = Base.lproj/LaunchScreen.storyboard; sourceTree = "<group>"; };
		182BE0B3269FDAC8009DBF14 /* Info.plist */ = {isa = PBXFileReference; lastKnownFileType = text.plist.xml; path = Info.plist; sourceTree = "<group>"; };
		182BE0B9269FDD3E009DBF14 /* AdminVC.swift */ = {isa = PBXFileReference; lastKnownFileType = sourcecode.swift; path = AdminVC.swift; sourceTree = "<group>"; };
		182BE0BB269FDD7B009DBF14 /* extension.swift */ = {isa = PBXFileReference; lastKnownFileType = sourcecode.swift; path = extension.swift; sourceTree = "<group>"; };
		182BE0BD269FDDE1009DBF14 /* CoreDataHandler.swift */ = {isa = PBXFileReference; lastKnownFileType = sourcecode.swift; path = CoreDataHandler.swift; sourceTree = "<group>"; };
		182BE0BF269FDE55009DBF14 /* CoreNoticeHandler.swift */ = {isa = PBXFileReference; lastKnownFileType = sourcecode.swift; path = CoreNoticeHandler.swift; sourceTree = "<group>"; };
		182BE0C1269FDE9B009DBF14 /* NoticeBoardVC.swift */ = {isa = PBXFileReference; lastKnownFileType = sourcecode.swift; path = NoticeBoardVC.swift; sourceTree = "<group>"; };
		182BE0C3269FDECB009DBF14 /* StudentListVC.swift */ = {isa = PBXFileReference; lastKnownFileType = sourcecode.swift; path = StudentListVC.swift; sourceTree = "<group>"; };
		182BE0C5269FDF53009DBF14 /* StudentVC.swift */ = {isa = PBXFileReference; lastKnownFileType = sourcecode.swift; path = StudentVC.swift; sourceTree = "<group>"; };
/* End PBXFileReference section */

/* Begin PBXFrameworksBuildPhase section */
		182BE09E269FDAC6009DBF14 /* Frameworks */ = {
			isa = PBXFrameworksBuildPhase;
			buildActionMask = 2147483647;
			files = (
			);
			runOnlyForDeploymentPostprocessing = 0;
		};
/* End PBXFrameworksBuildPhase section */

/* Begin PBXGroup section */
		182BE098269FDAC6009DBF14 = {
			isa = PBXGroup;
			children = (
				182BE0A3269FDAC6009DBF14 /* StudentManagementSystemCoreData */,
				182BE0A2269FDAC6009DBF14 /* Products */,
			);
			sourceTree = "<group>";
		};
		182BE0A2269FDAC6009DBF14 /* Products */ = {
			isa = PBXGroup;
			children = (
				182BE0A1269FDAC6009DBF14 /* StudentManagementSystemCoreData.app */,
			);
			name = Products;
			sourceTree = "<group>";
		};
		182BE0A3269FDAC6009DBF14 /* StudentManagementSystemCoreData */ = {
			isa = PBXGroup;
			children = (
				182BE0A4269FDAC6009DBF14 /* AppDelegate.swift */,
				182BE0A6269FDAC6009DBF14 /* StudentLoginVC.swift */,
				182BE0BD269FDDE1009DBF14 /* CoreDataHandler.swift */,
				182BE0BF269FDE55009DBF14 /* CoreNoticeHandler.swift */,
				182BE0B9269FDD3E009DBF14 /* AdminVC.swift */,
				182BE0C1269FDE9B009DBF14 /* NoticeBoardVC.swift */,
				182BE0C3269FDECB009DBF14 /* StudentListVC.swift */,
				182BE0C5269FDF53009DBF14 /* StudentVC.swift */,
				182BE0BB269FDD7B009DBF14 /* extension.swift */,
				182BE0A8269FDAC6009DBF14 /* Main.storyboard */,
				182BE0AE269FDAC8009DBF14 /* Assets.xcassets */,
				182BE0B0269FDAC8009DBF14 /* LaunchScreen.storyboard */,
				182BE0B3269FDAC8009DBF14 /* Info.plist */,
				182BE0AB269FDAC6009DBF14 /* StudentManagementSystemCoreData.xcdatamodeld */,
			);
			path = StudentManagementSystemCoreData;
			sourceTree = "<group>";
		};
/* End PBXGroup section */

/* Begin PBXNativeTarget section */
		182BE0A0269FDAC6009DBF14 /* StudentManagementSystemCoreData */ = {
			isa = PBXNativeTarget;
			buildConfigurationList = 182BE0B6269FDAC8009DBF14 /* Build configuration list for PBXNativeTarget "StudentManagementSystemCoreData" */;
			buildPhases = (
				182BE09D269FDAC6009DBF14 /* Sources */,
				182BE09E269FDAC6009DBF14 /* Frameworks */,
				182BE09F269FDAC6009DBF14 /* Resources */,
			);
			buildRules = (
			);
			dependencies = (
			);
			name = StudentManagementSystemCoreData;
			productName = StudentManagementSystemCoreData;
			productReference = 182BE0A1269FDAC6009DBF14 /* StudentManagementSystemCoreData.app */;
			productType = "com.apple.product-type.application";
		};
/* End PBXNativeTarget section */

/* Begin PBXProject section */
		182BE099269FDAC6009DBF14 /* Project object */ = {
			isa = PBXProject;
			attributes = {
				LastSwiftUpdateCheck = 1000;
				LastUpgradeCheck = 1000;
				ORGANIZATIONNAME = Nikunj;
				TargetAttributes = {
					182BE0A0269FDAC6009DBF14 = {
						CreatedOnToolsVersion = 10.0;
					};
				};
			};
			buildConfigurationList = 182BE09C269FDAC6009DBF14 /* Build configuration list for PBXProject "StudentManagementSystemCoreData" */;
			compatibilityVersion = "Xcode 9.3";
			developmentRegion = en;
			hasScannedForEncodings = 0;
			knownRegions = (
				en,
				Base,
			);
			mainGroup = 182BE098269FDAC6009DBF14;
			productRefGroup = 182BE0A2269FDAC6009DBF14 /* Products */;
			projectDirPath = "";
			projectRoot = "";
			targets = (
				182BE0A0269FDAC6009DBF14 /* StudentManagementSystemCoreData */,
			);
		};
/* End PBXProject section */

/* Begin PBXResourcesBuildPhase section */
		182BE09F269FDAC6009DBF14 /* Resources */ = {
			isa = PBXResourcesBuildPhase;
			buildActionMask = 2147483647;
			files = (
				182BE0B2269FDAC8009DBF14 /* LaunchScreen.storyboard in Resources */,
				182BE0AF269FDAC8009DBF14 /* Assets.xcassets in Resources */,
				182BE0AA269FDAC6009DBF14 /* Main.storyboard in Resources */,
			);
			runOnlyForDeploymentPostprocessing = 0;
		};
/* End PBXResourcesBuildPhase section */

/* Begin PBXSourcesBuildPhase section */
		182BE09D269FDAC6009DBF14 /* Sources */ = {
			isa = PBXSourcesBuildPhase;
			buildActionMask = 2147483647;
			files = (
				182BE0C6269FDF53009DBF14 /* StudentVC.swift in Sources */,
				182BE0A7269FDAC6009DBF14 /* StudentLoginVC.swift in Sources */,
				182BE0C2269FDE9B009DBF14 /* NoticeBoardVC.swift in Sources */,
				182BE0BE269FDDE1009DBF14 /* CoreDataHandler.swift in Sources */,
				182BE0AD269FDAC6009DBF14 /* StudentManagementSystemCoreData.xcdatamodeld in Sources */,
				182BE0C0269FDE55009DBF14 /* CoreNoticeHandler.swift in Sources */,
				182BE0C4269FDECB009DBF14 /* StudentListVC.swift in Sources */,
				182BE0BA269FDD3E009DBF14 /* AdminVC.swift in Sources */,
				182BE0BC269FDD7B009DBF14 /* extension.swift in Sources */,
				182BE0A5269FDAC6009DBF14 /* AppDelegate.swift in Sources */,
			);
			runOnlyForDeploymentPostprocessing = 0;
		};
/* End PBXSourcesBuildPhase section */

/* Begin PBXVariantGroup section */
		182BE0A8269FDAC6009DBF14 /* Main.storyboard */ = {
			isa = PBXVariantGroup;
			children = (
				182BE0A9269FDAC6009DBF14 /* Base */,
			);
			name = Main.storyboard;
			sourceTree = "<group>";
		};
		182BE0B0269FDAC8009DBF14 /* LaunchScreen.storyboard */ = {
			isa = PBXVariantGroup;
			children = (
				182BE0B1269FDAC8009DBF14 /* Base */,
			);
			name = LaunchScreen.storyboard;
			sourceTree = "<group>";
		};
/* End PBXVariantGroup section */

/* Begin XCBuildConfiguration section */
		182BE0B4269FDAC8009DBF14 /* Debug */ = {
			isa = XCBuildConfiguration;
			buildSettings = {
				ALWAYS_SEARCH_USER_PATHS = NO;
				CLANG_ANALYZER_NONNULL = YES;
				CLANG_ANALYZER_NUMBER_OBJECT_CONVERSION = YES_AGGRESSIVE;
				CLANG_CXX_LANGUAGE_STANDARD = "gnu++14";
				CLANG_CXX_LIBRARY = "libc++";
				CLANG_ENABLE_MODULES = YES;
				CLANG_ENABLE_OBJC_ARC = YES;
				CLANG_ENABLE_OBJC_WEAK = YES;
				CLANG_WARN_BLOCK_CAPTURE_AUTORELEASING = YES;
				CLANG_WARN_BOOL_CONVERSION = YES;
				CLANG_WARN_COMMA = YES;
				CLANG_WARN_CONSTANT_CONVERSION = YES;
				CLANG_WARN_DEPRECATED_OBJC_IMPLEMENTATIONS = YES;
				CLANG_WARN_DIRECT_OBJC_ISA_USAGE = YES_ERROR;
				CLANG_WARN_DOCUMENTATION_COMMENTS = YES;
				CLANG_WARN_EMPTY_BODY = YES;
				CLANG_WARN_ENUM_CONVERSION = YES;
				CLANG_WARN_INFINITE_RECURSION = YES;
				CLANG_WARN_INT_CONVERSION = YES;
				CLANG_WARN_NON_LITERAL_NULL_CONVERSION = YES;
				CLANG_WARN_OBJC_IMPLICIT_RETAIN_SELF = YES;
				CLANG_WARN_OBJC_LITERAL_CONVERSION = YES;
				CLANG_WARN_OBJC_ROOT_CLASS = YES_ERROR;
				CLANG_WARN_RANGE_LOOP_ANALYSIS = YES;
				CLANG_WARN_STRICT_PROTOTYPES = YES;
				CLANG_WARN_SUSPICIOUS_MOVE = YES;
				CLANG_WARN_UNGUARDED_AVAILABILITY = YES_AGGRESSIVE;
				CLANG_WARN_UNREACHABLE_CODE = YES;
				CLANG_WARN__DUPLICATE_METHOD_MATCH = YES;
				CODE_SIGN_IDENTITY = "iPhone Developer";
				COPY_PHASE_STRIP = NO;
				DEBUG_INFORMATION_FORMAT = dwarf;
				ENABLE_STRICT_OBJC_MSGSEND = YES;
				ENABLE_TESTABILITY = YES;
				GCC_C_LANGUAGE_STANDARD = gnu11;
				GCC_DYNAMIC_NO_PIC = NO;
				GCC_NO_COMMON_BLOCKS = YES;
				GCC_OPTIMIZATION_LEVEL = 0;
				GCC_PREPROCESSOR_DEFINITIONS = (
					"DEBUG=1",
					"$(inherited)",
				);
				GCC_WARN_64_TO_32_BIT_CONVERSION = YES;
				GCC_WARN_ABOUT_RETURN_TYPE = YES_ERROR;
				GCC_WARN_UNDECLARED_SELECTOR = YES;
				GCC_WARN_UNINITIALIZED_AUTOS = YES_AGGRESSIVE;
				GCC_WARN_UNUSED_FUNCTION = YES;
				GCC_WARN_UNUSED_VARIABLE = YES;
				IPHONEOS_DEPLOYMENT_TARGET = 12.0;
				MTL_ENABLE_DEBUG_INFO = INCLUDE_SOURCE;
				MTL_FAST_MATH = YES;
				ONLY_ACTIVE_ARCH = YES;
				SDKROOT = iphoneos;
				SWIFT_ACTIVE_COMPILATION_CONDITIONS = DEBUG;
				SWIFT_OPTIMIZATION_LEVEL = "-Onone";
			};
			name = Debug;
		};
		182BE0B5269FDAC8009DBF14 /* Release */ = {
			isa = XCBuildConfiguration;
			buildSettings = {
				ALWAYS_SEARCH_USER_PATHS = NO;
				CLANG_ANALYZER_NONNULL = YES;
				CLANG_ANALYZER_NUMBER_OBJECT_CONVERSION = YES_AGGRESSIVE;
				CLANG_CXX_LANGUAGE_STANDARD = "gnu++14";
				CLANG_CXX_LIBRARY = "libc++";
				CLANG_ENABLE_MODULES = YES;
				CLANG_ENABLE_OBJC_ARC = YES;
				CLANG_ENABLE_OBJC_WEAK = YES;
				CLANG_WARN_BLOCK_CAPTURE_AUTORELEASING = YES;
				CLANG_WARN_BOOL_CONVERSION = YES;
				CLANG_WARN_COMMA = YES;
				CLANG_WARN_CONSTANT_CONVERSION = YES;
				CLANG_WARN_DEPRECATED_OBJC_IMPLEMENTATIONS = YES;
				CLANG_WARN_DIRECT_OBJC_ISA_USAGE = YES_ERROR;
				CLANG_WARN_DOCUMENTATION_COMMENTS = YES;
				CLANG_WARN_EMPTY_BODY = YES;
				CLANG_WARN_ENUM_CONVERSION = YES;
				CLANG_WARN_INFINITE_RECURSION = YES;
				CLANG_WARN_INT_CONVERSION = YES;
				CLANG_WARN_NON_LITERAL_NULL_CONVERSION = YES;
				CLANG_WARN_OBJC_IMPLICIT_RETAIN_SELF = YES;
				CLANG_WARN_OBJC_LITERAL_CONVERSION = YES;
				CLANG_WARN_OBJC_ROOT_CLASS = YES_ERROR;
				CLANG_WARN_RANGE_LOOP_ANALYSIS = YES;
				CLANG_WARN_STRICT_PROTOTYPES = YES;
				CLANG_WARN_SUSPICIOUS_MOVE = YES;
				CLANG_WARN_UNGUARDED_AVAILABILITY = YES_AGGRESSIVE;
				CLANG_WARN_UNREACHABLE_CODE = YES;
				CLANG_WARN__DUPLICATE_METHOD_MATCH = YES;
				CODE_SIGN_IDENTITY = "iPhone Developer";
				COPY_PHASE_STRIP = NO;
				DEBUG_INFORMATION_FORMAT = "dwarf-with-dsym";
				ENABLE_NS_ASSERTIONS = NO;
				ENABLE_STRICT_OBJC_MSGSEND = YES;
				GCC_C_LANGUAGE_STANDARD = gnu11;
				GCC_NO_COMMON_BLOCKS = YES;
				GCC_WARN_64_TO_32_BIT_CONVERSION = YES;
				GCC_WARN_ABOUT_RETURN_TYPE = YES_ERROR;
				GCC_WARN_UNDECLARED_SELECTOR = YES;
				GCC_WARN_UNINITIALIZED_AUTOS = YES_AGGRESSIVE;
				GCC_WARN_UNUSED_FUNCTION = YES;
				GCC_WARN_UNUSED_VARIABLE = YES;
				IPHONEOS_DEPLOYMENT_TARGET = 12.0;
				MTL_ENABLE_DEBUG_INFO = NO;
				MTL_FAST_MATH = YES;
				SDKROOT = iphoneos;
				SWIFT_COMPILATION_MODE = wholemodule;
				SWIFT_OPTIMIZATION_LEVEL = "-O";
				VALIDATE_PRODUCT = YES;
			};
			name = Release;
		};
		182BE0B7269FDAC8009DBF14 /* Debug */ = {
			isa = XCBuildConfiguration;
			buildSettings = {
				ASSETCATALOG_COMPILER_APPICON_NAME = AppIcon;
				CODE_SIGN_STYLE = Automatic;
				INFOPLIST_FILE = StudentManagementSystemCoreData/Info.plist;
				LD_RUNPATH_SEARCH_PATHS = (
					"$(inherited)",
					"@executable_path/Frameworks",
				);
				PRODUCT_BUNDLE_IDENTIFIER = StudentManagementSystemCoreData.StudentManagementSystemCoreData;
				PRODUCT_NAME = "$(TARGET_NAME)";
				SWIFT_VERSION = 4.2;
				TARGETED_DEVICE_FAMILY = "1,2";
			};
			name = Debug;
		};
		182BE0B8269FDAC8009DBF14 /* Release */ = {
			isa = XCBuildConfiguration;
			buildSettings = {
				ASSETCATALOG_COMPILER_APPICON_NAME = AppIcon;
				CODE_SIGN_STYLE = Automatic;
				INFOPLIST_FILE = StudentManagementSystemCoreData/Info.plist;
				LD_RUNPATH_SEARCH_PATHS = (
					"$(inherited)",
					"@executable_path/Frameworks",
				);
				PRODUCT_BUNDLE_IDENTIFIER = StudentManagementSystemCoreData.StudentManagementSystemCoreData;
				PRODUCT_NAME = "$(TARGET_NAME)";
				SWIFT_VERSION = 4.2;
				TARGETED_DEVICE_FAMILY = "1,2";
			};
			name = Release;
		};
/* End XCBuildConfiguration section */

/* Begin XCConfigurationList section */
		182BE09C269FDAC6009DBF14 /* Build configuration list for PBXProject "StudentManagementSystemCoreData" */ = {
			isa = XCConfigurationList;
			buildConfigurations = (
				182BE0B4269FDAC8009DBF14 /* Debug */,
				182BE0B5269FDAC8009DBF14 /* Release */,
			);
			defaultConfigurationIsVisible = 0;
			defaultConfigurationName = Release;
		};
		182BE0B6269FDAC8009DBF14 /* Build configuration list for PBXNativeTarget "StudentManagementSystemCoreData" */ = {
			isa = XCConfigurationList;
			buildConfigurations = (
				182BE0B7269FDAC8009DBF14 /* Debug */,
				182BE0B8269FDAC8009DBF14 /* Release */,
			);
			defaultConfigurationIsVisible = 0;
			defaultConfigurationName = Release;
		};
/* End XCConfigurationList section */

/* Begin XCVersionGroup section */
		182BE0AB269FDAC6009DBF14 /* StudentManagementSystemCoreData.xcdatamodeld */ = {
			isa = XCVersionGroup;
			children = (
				182BE0AC269FDAC6009DBF14 /* StudentManagementSystemCoreData.xcdatamodel */,
			);
			currentVersion = 182BE0AC269FDAC6009DBF14 /* StudentManagementSystemCoreData.xcdatamodel */;
			path = StudentManagementSystemCoreData.xcdatamodeld;
			sourceTree = "<group>";
			versionGroupType = wrapper.xcdatamodel;
		};
/* End XCVersionGroup section */
	};
	rootObject = 182BE099269FDAC6009DBF14 /* Project object */;
}
